// !$*UTF8*$!
{
	archiveVersion = 1;
	classes = {
	};
	objectVersion = 56;
	objects = {

/* Begin PBXBuildFile section */
		ABD0709A2976034D00CB6C45 /* Assignment_1___Volume_of_a_sphere___CubeApp.swift in Sources */ = {isa = PBXBuildFile; fileRef = ABD070992976034D00CB6C45 /* Assignment_1___Volume_of_a_sphere___CubeApp.swift */; };
		ABD0709C2976034D00CB6C45 /* ContentView.swift in Sources */ = {isa = PBXBuildFile; fileRef = ABD0709B2976034D00CB6C45 /* ContentView.swift */; };
		ABD0709E2976034E00CB6C45 /* Assets.xcassets in Resources */ = {isa = PBXBuildFile; fileRef = ABD0709D2976034E00CB6C45 /* Assets.xcassets */; };
		ABD070A22976034E00CB6C45 /* Preview Assets.xcassets in Resources */ = {isa = PBXBuildFile; fileRef = ABD070A12976034E00CB6C45 /* Preview Assets.xcassets */; };
		ABD070AC2976034E00CB6C45 /* Assignment_1___Volume_of_a_sphere___CubeTests.swift in Sources */ = {isa = PBXBuildFile; fileRef = ABD070AB2976034E00CB6C45 /* Assignment_1___Volume_of_a_sphere___CubeTests.swift */; };
		ABD070B62976034E00CB6C45 /* Assignment_1___Volume_of_a_sphere___CubeUITests.swift in Sources */ = {isa = PBXBuildFile; fileRef = ABD070B52976034E00CB6C45 /* Assignment_1___Volume_of_a_sphere___CubeUITests.swift */; };
		ABD070B82976034E00CB6C45 /* Assignment_1___Volume_of_a_sphere___CubeUITestsLaunchTests.swift in Sources */ = {isa = PBXBuildFile; fileRef = ABD070B72976034E00CB6C45 /* Assignment_1___Volume_of_a_sphere___CubeUITestsLaunchTests.swift */; };
/* End PBXBuildFile section */

/* Begin PBXContainerItemProxy section */
		ABD070A82976034E00CB6C45 /* PBXContainerItemProxy */ = {
			isa = PBXContainerItemProxy;
			containerPortal = ABD0708E2976034D00CB6C45 /* Project object */;
			proxyType = 1;
			remoteGlobalIDString = ABD070952976034D00CB6C45;
			remoteInfo = "Assignment 1 - Volume of a sphere + Cube";
		};
		ABD070B22976034E00CB6C45 /* PBXContainerItemProxy */ = {
			isa = PBXContainerItemProxy;
			containerPortal = ABD0708E2976034D00CB6C45 /* Project object */;
			proxyType = 1;
			remoteGlobalIDString = ABD070952976034D00CB6C45;
			remoteInfo = "Assignment 1 - Volume of a sphere + Cube";
		};
/* End PBXContainerItemProxy section */

/* Begin PBXFileReference section */
		ABD070962976034D00CB6C45 /* Assignment 1 - Volume of a sphere + Cube.app */ = {isa = PBXFileReference; explicitFileType = wrapper.application; includeInIndex = 0; path = "Assignment 1 - Volume of a sphere + Cube.app"; sourceTree = BUILT_PRODUCTS_DIR; };
		ABD070992976034D00CB6C45 /* Assignment_1___Volume_of_a_sphere___CubeApp.swift */ = {isa = PBXFileReference; lastKnownFileType = sourcecode.swift; path = "Assignment_1___Volume_of_a_sphere___CubeApp.swift"; sourceTree = "<group>"; };
		ABD0709B2976034D00CB6C45 /* ContentView.swift */ = {isa = PBXFileReference; lastKnownFileType = sourcecode.swift; path = ContentView.swift; sourceTree = "<group>"; };
		ABD0709D2976034E00CB6C45 /* Assets.xcassets */ = {isa = PBXFileReference; lastKnownFileType = folder.assetcatalog; path = Assets.xcassets; sourceTree = "<group>"; };
		ABD0709F2976034E00CB6C45 /* Assignment_1___Volume_of_a_sphere___Cube.entitlements */ = {isa = PBXFileReference; lastKnownFileType = text.plist.entitlements; path = "Assignment_1___Volume_of_a_sphere___Cube.entitlements"; sourceTree = "<group>"; };
		ABD070A12976034E00CB6C45 /* Preview Assets.xcassets */ = {isa = PBXFileReference; lastKnownFileType = folder.assetcatalog; path = "Preview Assets.xcassets"; sourceTree = "<group>"; };
		ABD070A72976034E00CB6C45 /* Assignment 1 - Volume of a sphere + CubeTests.xctest */ = {isa = PBXFileReference; explicitFileType = wrapper.cfbundle; includeInIndex = 0; path = "Assignment 1 - Volume of a sphere + CubeTests.xctest"; sourceTree = BUILT_PRODUCTS_DIR; };
		ABD070AB2976034E00CB6C45 /* Assignment_1___Volume_of_a_sphere___CubeTests.swift */ = {isa = PBXFileReference; lastKnownFileType = sourcecode.swift; path = "Assignment_1___Volume_of_a_sphere___CubeTests.swift"; sourceTree = "<group>"; };
		ABD070B12976034E00CB6C45 /* Assignment 1 - Volume of a sphere + CubeUITests.xctest */ = {isa = PBXFileReference; explicitFileType = wrapper.cfbundle; includeInIndex = 0; path = "Assignment 1 - Volume of a sphere + CubeUITests.xctest"; sourceTree = BUILT_PRODUCTS_DIR; };
		ABD070B52976034E00CB6C45 /* Assignment_1___Volume_of_a_sphere___CubeUITests.swift */ = {isa = PBXFileReference; lastKnownFileType = sourcecode.swift; path = "Assignment_1___Volume_of_a_sphere___CubeUITests.swift"; sourceTree = "<group>"; };
		ABD070B72976034E00CB6C45 /* Assignment_1___Volume_of_a_sphere___CubeUITestsLaunchTests.swift */ = {isa = PBXFileReference; lastKnownFileType = sourcecode.swift; path = "Assignment_1___Volume_of_a_sphere___CubeUITestsLaunchTests.swift"; sourceTree = "<group>"; };
/* End PBXFileReference section */

/* Begin PBXFrameworksBuildPhase section */
		ABD070932976034D00CB6C45 /* Frameworks */ = {
			isa = PBXFrameworksBuildPhase;
			buildActionMask = 2147483647;
			files = (
			);
			runOnlyForDeploymentPostprocessing = 0;
		};
		ABD070A42976034E00CB6C45 /* Frameworks */ = {
			isa = PBXFrameworksBuildPhase;
			buildActionMask = 2147483647;
			files = (
			);
			runOnlyForDeploymentPostprocessing = 0;
		};
		ABD070AE2976034E00CB6C45 /* Frameworks */ = {
			isa = PBXFrameworksBuildPhase;
			buildActionMask = 2147483647;
			files = (
			);
			runOnlyForDeploymentPostprocessing = 0;
		};
/* End PBXFrameworksBuildPhase section */

/* Begin PBXGroup section */
		ABD0708D2976034D00CB6C45 = {
			isa = PBXGroup;
			children = (
				ABD070982976034D00CB6C45 /* Assignment 1 - Volume of a sphere + Cube */,
				ABD070AA2976034E00CB6C45 /* Assignment 1 - Volume of a sphere + CubeTests */,
				ABD070B42976034E00CB6C45 /* Assignment 1 - Volume of a sphere + CubeUITests */,
				ABD070972976034D00CB6C45 /* Products */,
			);
			sourceTree = "<group>";
		};
		ABD070972976034D00CB6C45 /* Products */ = {
			isa = PBXGroup;
			children = (
				ABD070962976034D00CB6C45 /* Assignment 1 - Volume of a sphere + Cube.app */,
				ABD070A72976034E00CB6C45 /* Assignment 1 - Volume of a sphere + CubeTests.xctest */,
				ABD070B12976034E00CB6C45 /* Assignment 1 - Volume of a sphere + CubeUITests.xctest */,
			);
			name = Products;
			sourceTree = "<group>";
		};
		ABD070982976034D00CB6C45 /* Assignment 1 - Volume of a sphere + Cube */ = {
			isa = PBXGroup;
			children = (
				ABD070992976034D00CB6C45 /* Assignment_1___Volume_of_a_sphere___CubeApp.swift */,
				ABD0709B2976034D00CB6C45 /* ContentView.swift */,
				ABD0709D2976034E00CB6C45 /* Assets.xcassets */,
				ABD0709F2976034E00CB6C45 /* Assignment_1___Volume_of_a_sphere___Cube.entitlements */,
				ABD070A02976034E00CB6C45 /* Preview Content */,
			);
			path = "Assignment 1 - Volume of a sphere + Cube";
			sourceTree = "<group>";
		};
		ABD070A02976034E00CB6C45 /* Preview Content */ = {
			isa = PBXGroup;
			children = (
				ABD070A12976034E00CB6C45 /* Preview Assets.xcassets */,
			);
			path = "Preview Content";
			sourceTree = "<group>";
		};
		ABD070AA2976034E00CB6C45 /* Assignment 1 - Volume of a sphere + CubeTests */ = {
			isa = PBXGroup;
			children = (
				ABD070AB2976034E00CB6C45 /* Assignment_1___Volume_of_a_sphere___CubeTests.swift */,
			);
			path = "Assignment 1 - Volume of a sphere + CubeTests";
			sourceTree = "<group>";
		};
		ABD070B42976034E00CB6C45 /* Assignment 1 - Volume of a sphere + CubeUITests */ = {
			isa = PBXGroup;
			children = (
				ABD070B52976034E00CB6C45 /* Assignment_1___Volume_of_a_sphere___CubeUITests.swift */,
				ABD070B72976034E00CB6C45 /* Assignment_1___Volume_of_a_sphere___CubeUITestsLaunchTests.swift */,
			);
			path = "Assignment 1 - Volume of a sphere + CubeUITests";
			sourceTree = "<group>";
		};
/* End PBXGroup section */

/* Begin PBXNativeTarget section */
		ABD070952976034D00CB6C45 /* Assignment 1 - Volume of a sphere + Cube */ = {
			isa = PBXNativeTarget;
			buildConfigurationList = ABD070BB2976034E00CB6C45 /* Build configuration list for PBXNativeTarget "Assignment 1 - Volume of a sphere + Cube" */;
			buildPhases = (
				ABD070922976034D00CB6C45 /* Sources */,
				ABD070932976034D00CB6C45 /* Frameworks */,
				ABD070942976034D00CB6C45 /* Resources */,
			);
			buildRules = (
			);
			dependencies = (
			);
			name = "Assignment 1 - Volume of a sphere + Cube";
			productName = "Assignment 1 - Volume of a sphere + Cube";
			productReference = ABD070962976034D00CB6C45 /* Assignment 1 - Volume of a sphere + Cube.app */;
			productType = "com.apple.product-type.application";
		};
		ABD070A62976034E00CB6C45 /* Assignment 1 - Volume of a sphere + CubeTests */ = {
			isa = PBXNativeTarget;
			buildConfigurationList = ABD070BE2976034E00CB6C45 /* Build configuration list for PBXNativeTarget "Assignment 1 - Volume of a sphere + CubeTests" */;
			buildPhases = (
				ABD070A32976034E00CB6C45 /* Sources */,
				ABD070A42976034E00CB6C45 /* Frameworks */,
				ABD070A52976034E00CB6C45 /* Resources */,
			);
			buildRules = (
			);
			dependencies = (
				ABD070A92976034E00CB6C45 /* PBXTargetDependency */,
			);
			name = "Assignment 1 - Volume of a sphere + CubeTests";
			productName = "Assignment 1 - Volume of a sphere + CubeTests";
			productReference = ABD070A72976034E00CB6C45 /* Assignment 1 - Volume of a sphere + CubeTests.xctest */;
			productType = "com.apple.product-type.bundle.unit-test";
		};
		ABD070B02976034E00CB6C45 /* Assignment 1 - Volume of a sphere + CubeUITests */ = {
			isa = PBXNativeTarget;
			buildConfigurationList = ABD070C12976034E00CB6C45 /* Build configuration list for PBXNativeTarget "Assignment 1 - Volume of a sphere + CubeUITests" */;
			buildPhases = (
				ABD070AD2976034E00CB6C45 /* Sources */,
				ABD070AE2976034E00CB6C45 /* Frameworks */,
				ABD070AF2976034E00CB6C45 /* Resources */,
			);
			buildRules = (
			);
			dependencies = (
				ABD070B32976034E00CB6C45 /* PBXTargetDependency */,
			);
			name = "Assignment 1 - Volume of a sphere + CubeUITests";
			productName = "Assignment 1 - Volume of a sphere + CubeUITests";
			productReference = ABD070B12976034E00CB6C45 /* Assignment 1 - Volume of a sphere + CubeUITests.xctest */;
			productType = "com.apple.product-type.bundle.ui-testing";
		};
/* End PBXNativeTarget section */

/* Begin PBXProject section */
		ABD0708E2976034D00CB6C45 /* Project object */ = {
			isa = PBXProject;
			attributes = {
				BuildIndependentTargetsInParallel = 1;
				LastSwiftUpdateCheck = 1420;
				LastUpgradeCheck = 1420;
				TargetAttributes = {
					ABD070952976034D00CB6C45 = {
						CreatedOnToolsVersion = 14.2;
					};
					ABD070A62976034E00CB6C45 = {
						CreatedOnToolsVersion = 14.2;
						TestTargetID = ABD070952976034D00CB6C45;
					};
					ABD070B02976034E00CB6C45 = {
						CreatedOnToolsVersion = 14.2;
						TestTargetID = ABD070952976034D00CB6C45;
					};
				};
			};
			buildConfigurationList = ABD070912976034D00CB6C45 /* Build configuration list for PBXProject "Assignment 1 - Volume of a sphere + Cube" */;
			compatibilityVersion = "Xcode 14.0";
			developmentRegion = en;
			hasScannedForEncodings = 0;
			knownRegions = (
				en,
				Base,
			);
			mainGroup = ABD0708D2976034D00CB6C45;
			productRefGroup = ABD070972976034D00CB6C45 /* Products */;
			projectDirPath = "";
			projectRoot = "";
			targets = (
				ABD070952976034D00CB6C45 /* Assignment 1 - Volume of a sphere + Cube */,
				ABD070A62976034E00CB6C45 /* Assignment 1 - Volume of a sphere + CubeTests */,
				ABD070B02976034E00CB6C45 /* Assignment 1 - Volume of a sphere + CubeUITests */,
			);
		};
/* End PBXProject section */

/* Begin PBXResourcesBuildPhase section */
		ABD070942976034D00CB6C45 /* Resources */ = {
			isa = PBXResourcesBuildPhase;
			buildActionMask = 2147483647;
			files = (
				ABD070A22976034E00CB6C45 /* Preview Assets.xcassets in Resources */,
				ABD0709E2976034E00CB6C45 /* Assets.xcassets in Resources */,
			);
			runOnlyForDeploymentPostprocessing = 0;
		};
		ABD070A52976034E00CB6C45 /* Resources */ = {
			isa = PBXResourcesBuildPhase;
			buildActionMask = 2147483647;
			files = (
			);
			runOnlyForDeploymentPostprocessing = 0;
		};
		ABD070AF2976034E00CB6C45 /* Resources */ = {
			isa = PBXResourcesBuildPhase;
			buildActionMask = 2147483647;
			files = (
			);
			runOnlyForDeploymentPostprocessing = 0;
		};
/* End PBXResourcesBuildPhase section */

/* Begin PBXSourcesBuildPhase section */
		ABD070922976034D00CB6C45 /* Sources */ = {
			isa = PBXSourcesBuildPhase;
			buildActionMask = 2147483647;
			files = (
				ABD0709C2976034D00CB6C45 /* ContentView.swift in Sources */,
				ABD0709A2976034D00CB6C45 /* Assignment_1___Volume_of_a_sphere___CubeApp.swift in Sources */,
			);
			runOnlyForDeploymentPostprocessing = 0;
		};
		ABD070A32976034E00CB6C45 /* Sources */ = {
			isa = PBXSourcesBuildPhase;
			buildActionMask = 2147483647;
			files = (
				ABD070AC2976034E00CB6C45 /* Assignment_1___Volume_of_a_sphere___CubeTests.swift in Sources */,
			);
			runOnlyForDeploymentPostprocessing = 0;
		};
		ABD070AD2976034E00CB6C45 /* Sources */ = {
			isa = PBXSourcesBuildPhase;
			buildActionMask = 2147483647;
			files = (
				ABD070B82976034E00CB6C45 /* Assignment_1___Volume_of_a_sphere___CubeUITestsLaunchTests.swift in Sources */,
				ABD070B62976034E00CB6C45 /* Assignment_1___Volume_of_a_sphere___CubeUITests.swift in Sources */,
			);
			runOnlyForDeploymentPostprocessing = 0;
		};
/* End PBXSourcesBuildPhase section */

/* Begin PBXTargetDependency section */
		ABD070A92976034E00CB6C45 /* PBXTargetDependency */ = {
			isa = PBXTargetDependency;
			target = ABD070952976034D00CB6C45 /* Assignment 1 - Volume of a sphere + Cube */;
			targetProxy = ABD070A82976034E00CB6C45 /* PBXContainerItemProxy */;
		};
		ABD070B32976034E00CB6C45 /* PBXTargetDependency */ = {
			isa = PBXTargetDependency;
			target = ABD070952976034D00CB6C45 /* Assignment 1 - Volume of a sphere + Cube */;
			targetProxy = ABD070B22976034E00CB6C45 /* PBXContainerItemProxy */;
		};
/* End PBXTargetDependency section */

/* Begin XCBuildConfiguration section */
		ABD070B92976034E00CB6C45 /* Debug */ = {
			isa = XCBuildConfiguration;
			buildSettings = {
				ALWAYS_SEARCH_USER_PATHS = NO;
				CLANG_ANALYZER_NONNULL = YES;
				CLANG_ANALYZER_NUMBER_OBJECT_CONVERSION = YES_AGGRESSIVE;
				CLANG_CXX_LANGUAGE_STANDARD = "gnu++20";
				CLANG_ENABLE_MODULES = YES;
				CLANG_ENABLE_OBJC_ARC = YES;
				CLANG_ENABLE_OBJC_WEAK = YES;
				CLANG_WARN_BLOCK_CAPTURE_AUTORELEASING = YES;
				CLANG_WARN_BOOL_CONVERSION = YES;
				CLANG_WARN_COMMA = YES;
				CLANG_WARN_CONSTANT_CONVERSION = YES;
				CLANG_WARN_DEPRECATED_OBJC_IMPLEMENTATIONS = YES;
				CLANG_WARN_DIRECT_OBJC_ISA_USAGE = YES_ERROR;
				CLANG_WARN_DOCUMENTATION_COMMENTS = YES;
				CLANG_WARN_EMPTY_BODY = YES;
				CLANG_WARN_ENUM_CONVERSION = YES;
				CLANG_WARN_INFINITE_RECURSION = YES;
				CLANG_WARN_INT_CONVERSION = YES;
				CLANG_WARN_NON_LITERAL_NULL_CONVERSION = YES;
				CLANG_WARN_OBJC_IMPLICIT_RETAIN_SELF = YES;
				CLANG_WARN_OBJC_LITERAL_CONVERSION = YES;
				CLANG_WARN_OBJC_ROOT_CLASS = YES_ERROR;
				CLANG_WARN_QUOTED_INCLUDE_IN_FRAMEWORK_HEADER = YES;
				CLANG_WARN_RANGE_LOOP_ANALYSIS = YES;
				CLANG_WARN_STRICT_PROTOTYPES = YES;
				CLANG_WARN_SUSPICIOUS_MOVE = YES;
				CLANG_WARN_UNGUARDED_AVAILABILITY = YES_AGGRESSIVE;
				CLANG_WARN_UNREACHABLE_CODE = YES;
				CLANG_WARN__DUPLICATE_METHOD_MATCH = YES;
				COPY_PHASE_STRIP = NO;
				DEBUG_INFORMATION_FORMAT = dwarf;
				ENABLE_STRICT_OBJC_MSGSEND = YES;
				ENABLE_TESTABILITY = YES;
				GCC_C_LANGUAGE_STANDARD = gnu11;
				GCC_DYNAMIC_NO_PIC = NO;
				GCC_NO_COMMON_BLOCKS = YES;
				GCC_OPTIMIZATION_LEVEL = 0;
				GCC_PREPROCESSOR_DEFINITIONS = (
					"DEBUG=1",
					"$(inherited)",
				);
				GCC_WARN_64_TO_32_BIT_CONVERSION = YES;
				GCC_WARN_ABOUT_RETURN_TYPE = YES_ERROR;
				GCC_WARN_UNDECLARED_SELECTOR = YES;
				GCC_WARN_UNINITIALIZED_AUTOS = YES_AGGRESSIVE;
				GCC_WARN_UNUSED_FUNCTION = YES;
				GCC_WARN_UNUSED_VARIABLE = YES;
				MTL_ENABLE_DEBUG_INFO = INCLUDE_SOURCE;
				MTL_FAST_MATH = YES;
				ONLY_ACTIVE_ARCH = YES;
				SWIFT_ACTIVE_COMPILATION_CONDITIONS = DEBUG;
				SWIFT_OPTIMIZATION_LEVEL = "-Onone";
			};
			name = Debug;
		};
		ABD070BA2976034E00CB6C45 /* Release */ = {
			isa = XCBuildConfiguration;
			buildSettings = {
				ALWAYS_SEARCH_USER_PATHS = NO;
				CLANG_ANALYZER_NONNULL = YES;
				CLANG_ANALYZER_NUMBER_OBJECT_CONVERSION = YES_AGGRESSIVE;
				CLANG_CXX_LANGUAGE_STANDARD = "gnu++20";
				CLANG_ENABLE_MODULES = YES;
				CLANG_ENABLE_OBJC_ARC = YES;
				CLANG_ENABLE_OBJC_WEAK = YES;
				CLANG_WARN_BLOCK_CAPTURE_AUTORELEASING = YES;
				CLANG_WARN_BOOL_CONVERSION = YES;
				CLANG_WARN_COMMA = YES;
				CLANG_WARN_CONSTANT_CONVERSION = YES;
				CLANG_WARN_DEPRECATED_OBJC_IMPLEMENTATIONS = YES;
				CLANG_WARN_DIRECT_OBJC_ISA_USAGE = YES_ERROR;
				CLANG_WARN_DOCUMENTATION_COMMENTS = YES;
				CLANG_WARN_EMPTY_BODY = YES;
				CLANG_WARN_ENUM_CONVERSION = YES;
				CLANG_WARN_INFINITE_RECURSION = YES;
				CLANG_WARN_INT_CONVERSION = YES;
				CLANG_WARN_NON_LITERAL_NULL_CONVERSION = YES;
				CLANG_WARN_OBJC_IMPLICIT_RETAIN_SELF = YES;
				CLANG_WARN_OBJC_LITERAL_CONVERSION = YES;
				CLANG_WARN_OBJC_ROOT_CLASS = YES_ERROR;
				CLANG_WARN_QUOTED_INCLUDE_IN_FRAMEWORK_HEADER = YES;
				CLANG_WARN_RANGE_LOOP_ANALYSIS = YES;
				CLANG_WARN_STRICT_PROTOTYPES = YES;
				CLANG_WARN_SUSPICIOUS_MOVE = YES;
				CLANG_WARN_UNGUARDED_AVAILABILITY = YES_AGGRESSIVE;
				CLANG_WARN_UNREACHABLE_CODE = YES;
				CLANG_WARN__DUPLICATE_METHOD_MATCH = YES;
				COPY_PHASE_STRIP = NO;
				DEBUG_INFORMATION_FORMAT = "dwarf-with-dsym";
				ENABLE_NS_ASSERTIONS = NO;
				ENABLE_STRICT_OBJC_MSGSEND = YES;
				GCC_C_LANGUAGE_STANDARD = gnu11;
				GCC_NO_COMMON_BLOCKS = YES;
				GCC_WARN_64_TO_32_BIT_CONVERSION = YES;
				GCC_WARN_ABOUT_RETURN_TYPE = YES_ERROR;
				GCC_WARN_UNDECLARED_SELECTOR = YES;
				GCC_WARN_UNINITIALIZED_AUTOS = YES_AGGRESSIVE;
				GCC_WARN_UNUSED_FUNCTION = YES;
				GCC_WARN_UNUSED_VARIABLE = YES;
				MTL_ENABLE_DEBUG_INFO = NO;
				MTL_FAST_MATH = YES;
				SWIFT_COMPILATION_MODE = wholemodule;
				SWIFT_OPTIMIZATION_LEVEL = "-O";
			};
			name = Release;
		};
		ABD070BC2976034E00CB6C45 /* Debug */ = {
			isa = XCBuildConfiguration;
			buildSettings = {
				ASSETCATALOG_COMPILER_APPICON_NAME = AppIcon;
				ASSETCATALOG_COMPILER_GLOBAL_ACCENT_COLOR_NAME = AccentColor;
				CODE_SIGN_ENTITLEMENTS = "Assignment 1 - Volume of a sphere + Cube/Assignment_1___Volume_of_a_sphere___Cube.entitlements";
				CODE_SIGN_STYLE = Automatic;
				CURRENT_PROJECT_VERSION = 1;
				DEVELOPMENT_ASSET_PATHS = "\"Assignment 1 - Volume of a sphere + Cube/Preview Content\"";
				ENABLE_PREVIEWS = YES;
				GENERATE_INFOPLIST_FILE = YES;
				"INFOPLIST_KEY_UIApplicationSceneManifest_Generation[sdk=iphoneos*]" = YES;
				"INFOPLIST_KEY_UIApplicationSceneManifest_Generation[sdk=iphonesimulator*]" = YES;
				"INFOPLIST_KEY_UIApplicationSupportsIndirectInputEvents[sdk=iphoneos*]" = YES;
				"INFOPLIST_KEY_UIApplicationSupportsIndirectInputEvents[sdk=iphonesimulator*]" = YES;
				"INFOPLIST_KEY_UILaunchScreen_Generation[sdk=iphoneos*]" = YES;
				"INFOPLIST_KEY_UILaunchScreen_Generation[sdk=iphonesimulator*]" = YES;
				"INFOPLIST_KEY_UIStatusBarStyle[sdk=iphoneos*]" = UIStatusBarStyleDefault;
				"INFOPLIST_KEY_UIStatusBarStyle[sdk=iphonesimulator*]" = UIStatusBarStyleDefault;
				INFOPLIST_KEY_UISupportedInterfaceOrientations_iPad = "UIInterfaceOrientationPortrait UIInterfaceOrientationPortraitUpsideDown UIInterfaceOrientationLandscapeLeft UIInterfaceOrientationLandscapeRight";
				INFOPLIST_KEY_UISupportedInterfaceOrientations_iPhone = "UIInterfaceOrientationPortrait UIInterfaceOrientationLandscapeLeft UIInterfaceOrientationLandscapeRight";
				IPHONEOS_DEPLOYMENT_TARGET = 16.2;
				LD_RUNPATH_SEARCH_PATHS = "@executable_path/Frameworks";
				"LD_RUNPATH_SEARCH_PATHS[sdk=macosx*]" = "@executable_path/../Frameworks";
				MACOSX_DEPLOYMENT_TARGET = 13.1;
				MARKETING_VERSION = 1.0;
				PRODUCT_BUNDLE_IDENTIFIER = "com.TF.Assignment-1---Volume-of-a-sphere---Cube";
				PRODUCT_NAME = "$(TARGET_NAME)";
				SDKROOT = auto;
				SUPPORTED_PLATFORMS = "iphoneos iphonesimulator macosx";
				SWIFT_EMIT_LOC_STRINGS = YES;
				SWIFT_VERSION = 5.0;
				TARGETED_DEVICE_FAMILY = "1,2";
			};
			name = Debug;
		};
		ABD070BD2976034E00CB6C45 /* Release */ = {
			isa = XCBuildConfiguration;
			buildSettings = {
				ASSETCATALOG_COMPILER_APPICON_NAME = AppIcon;
				ASSETCATALOG_COMPILER_GLOBAL_ACCENT_COLOR_NAME = AccentColor;
				CODE_SIGN_ENTITLEMENTS = "Assignment 1 - Volume of a sphere + Cube/Assignment_1___Volume_of_a_sphere___Cube.entitlements";
				CODE_SIGN_STYLE = Automatic;
				CURRENT_PROJECT_VERSION = 1;
				DEVELOPMENT_ASSET_PATHS = "\"Assignment 1 - Volume of a sphere + Cube/Preview Content\"";
				ENABLE_PREVIEWS = YES;
				GENERATE_INFOPLIST_FILE = YES;
				"INFOPLIST_KEY_UIApplicationSceneManifest_Generation[sdk=iphoneos*]" = YES;
				"INFOPLIST_KEY_UIApplicationSceneManifest_Generation[sdk=iphonesimulator*]" = YES;
				"INFOPLIST_KEY_UIApplicationSupportsIndirectInputEvents[sdk=iphoneos*]" = YES;
				"INFOPLIST_KEY_UIApplicationSupportsIndirectInputEvents[sdk=iphonesimulator*]" = YES;
				"INFOPLIST_KEY_UILaunchScreen_Generation[sdk=iphoneos*]" = YES;
				"INFOPLIST_KEY_UILaunchScreen_Generation[sdk=iphonesimulator*]" = YES;
				"INFOPLIST_KEY_UIStatusBarStyle[sdk=iphoneos*]" = UIStatusBarStyleDefault;
				"INFOPLIST_KEY_UIStatusBarStyle[sdk=iphonesimulator*]" = UIStatusBarStyleDefault;
				INFOPLIST_KEY_UISupportedInterfaceOrientations_iPad = "UIInterfaceOrientationPortrait UIInterfaceOrientationPortraitUpsideDown UIInterfaceOrientationLandscapeLeft UIInterfaceOrientationLandscapeRight";
				INFOPLIST_KEY_UISupportedInterfaceOrientations_iPhone = "UIInterfaceOrientationPortrait UIInterfaceOrientationLandscapeLeft UIInterfaceOrientationLandscapeRight";
				IPHONEOS_DEPLOYMENT_TARGET = 16.2;
				LD_RUNPATH_SEARCH_PATHS = "@executable_path/Frameworks";
				"LD_RUNPATH_SEARCH_PATHS[sdk=macosx*]" = "@executable_path/../Frameworks";
				MACOSX_DEPLOYMENT_TARGET = 13.1;
				MARKETING_VERSION = 1.0;
				PRODUCT_BUNDLE_IDENTIFIER = "com.TF.Assignment-1---Volume-of-a-sphere---Cube";
				PRODUCT_NAME = "$(TARGET_NAME)";
				SDKROOT = auto;
				SUPPORTED_PLATFORMS = "iphoneos iphonesimulator macosx";
				SWIFT_EMIT_LOC_STRINGS = YES;
				SWIFT_VERSION = 5.0;
				TARGETED_DEVICE_FAMILY = "1,2";
			};
			name = Release;
		};
		ABD070BF2976034E00CB6C45 /* Debug */ = {
			isa = XCBuildConfiguration;
			buildSettings = {
				ALWAYS_EMBED_SWIFT_STANDARD_LIBRARIES = YES;
				BUNDLE_LOADER = "$(TEST_HOST)";
				CODE_SIGN_STYLE = Automatic;
				CURRENT_PROJECT_VERSION = 1;
				GENERATE_INFOPLIST_FILE = YES;
				IPHONEOS_DEPLOYMENT_TARGET = 16.2;
				MACOSX_DEPLOYMENT_TARGET = 13.1;
				MARKETING_VERSION = 1.0;
				PRODUCT_BUNDLE_IDENTIFIER = "com.TF.Assignment-1---Volume-of-a-sphere---CubeTests";
				PRODUCT_NAME = "$(TARGET_NAME)";
				SDKROOT = auto;
				SUPPORTED_PLATFORMS = "iphoneos iphonesimulator macosx";
				SWIFT_EMIT_LOC_STRINGS = NO;
				SWIFT_VERSION = 5.0;
				TARGETED_DEVICE_FAMILY = "1,2";
				TEST_HOST = "$(BUILT_PRODUCTS_DIR)/Assignment 1 - Volume of a sphere + Cube.app/$(BUNDLE_EXECUTABLE_FOLDER_PATH)/Assignment 1 - Volume of a sphere + Cube";
			};
			name = Debug;
		};
		ABD070C02976034E00CB6C45 /* Release */ = {
			isa = XCBuildConfiguration;
			buildSettings = {
				ALWAYS_EMBED_SWIFT_STANDARD_LIBRARIES = YES;
				BUNDLE_LOADER = "$(TEST_HOST)";
				CODE_SIGN_STYLE = Automatic;
				CURRENT_PROJECT_VERSION = 1;
				GENERATE_INFOPLIST_FILE = YES;
				IPHONEOS_DEPLOYMENT_TARGET = 16.2;
				MACOSX_DEPLOYMENT_TARGET = 13.1;
				MARKETING_VERSION = 1.0;
				PRODUCT_BUNDLE_IDENTIFIER = "com.TF.Assignment-1---Volume-of-a-sphere---CubeTests";
				PRODUCT_NAME = "$(TARGET_NAME)";
				SDKROOT = auto;
				SUPPORTED_PLATFORMS = "iphoneos iphonesimulator macosx";
				SWIFT_EMIT_LOC_STRINGS = NO;
				SWIFT_VERSION = 5.0;
				TARGETED_DEVICE_FAMILY = "1,2";
				TEST_HOST = "$(BUILT_PRODUCTS_DIR)/Assignment 1 - Volume of a sphere + Cube.app/$(BUNDLE_EXECUTABLE_FOLDER_PATH)/Assignment 1 - Volume of a sphere + Cube";
			};
			name = Release;
		};
		ABD070C22976034E00CB6C45 /* Debug */ = {
			isa = XCBuildConfiguration;
			buildSettings = {
				ALWAYS_EMBED_SWIFT_STANDARD_LIBRARIES = YES;
				CODE_SIGN_STYLE = Automatic;
				CURRENT_PROJECT_VERSION = 1;
				GENERATE_INFOPLIST_FILE = YES;
				IPHONEOS_DEPLOYMENT_TARGET = 16.2;
				MACOSX_DEPLOYMENT_TARGET = 13.1;
				MARKETING_VERSION = 1.0;
				PRODUCT_BUNDLE_IDENTIFIER = "com.TF.Assignment-1---Volume-of-a-sphere---CubeUITests";
				PRODUCT_NAME = "$(TARGET_NAME)";
				SDKROOT = auto;
				SUPPORTED_PLATFORMS = "iphoneos iphonesimulator macosx";
				SWIFT_EMIT_LOC_STRINGS = NO;
				SWIFT_VERSION = 5.0;
				TARGETED_DEVICE_FAMILY = "1,2";
				TEST_TARGET_NAME = "Assignment 1 - Volume of a sphere + Cube";
			};
			name = Debug;
		};
		ABD070C32976034E00CB6C45 /* Release */ = {
			isa = XCBuildConfiguration;
			buildSettings = {
				ALWAYS_EMBED_SWIFT_STANDARD_LIBRARIES = YES;
				CODE_SIGN_STYLE = Automatic;
				CURRENT_PROJECT_VERSION = 1;
				GENERATE_INFOPLIST_FILE = YES;
				IPHONEOS_DEPLOYMENT_TARGET = 16.2;
				MACOSX_DEPLOYMENT_TARGET = 13.1;
				MARKETING_VERSION = 1.0;
				PRODUCT_BUNDLE_IDENTIFIER = "com.TF.Assignment-1---Volume-of-a-sphere---CubeUITests";
				PRODUCT_NAME = "$(TARGET_NAME)";
				SDKROOT = auto;
				SUPPORTED_PLATFORMS = "iphoneos iphonesimulator macosx";
				SWIFT_EMIT_LOC_STRINGS = NO;
				SWIFT_VERSION = 5.0;
				TARGETED_DEVICE_FAMILY = "1,2";
				TEST_TARGET_NAME = "Assignment 1 - Volume of a sphere + Cube";
			};
			name = Release;
		};
/* End XCBuildConfiguration section */

/* Begin XCConfigurationList section */
		ABD070912976034D00CB6C45 /* Build configuration list for PBXProject "Assignment 1 - Volume of a sphere + Cube" */ = {
			isa = XCConfigurationList;
			buildConfigurations = (
				ABD070B92976034E00CB6C45 /* Debug */,
				ABD070BA2976034E00CB6C45 /* Release */,
			);
			defaultConfigurationIsVisible = 0;
			defaultConfigurationName = Release;
		};
		ABD070BB2976034E00CB6C45 /* Build configuration list for PBXNativeTarget "Assignment 1 - Volume of a sphere + Cube" */ = {
			isa = XCConfigurationList;
			buildConfigurations = (
				ABD070BC2976034E00CB6C45 /* Debug */,
				ABD070BD2976034E00CB6C45 /* Release */,
			);
			defaultConfigurationIsVisible = 0;
			defaultConfigurationName = Release;
		};
		ABD070BE2976034E00CB6C45 /* Build configuration list for PBXNativeTarget "Assignment 1 - Volume of a sphere + CubeTests" */ = {
			isa = XCConfigurationList;
			buildConfigurations = (
				ABD070BF2976034E00CB6C45 /* Debug */,
				ABD070C02976034E00CB6C45 /* Release */,
			);
			defaultConfigurationIsVisible = 0;
			defaultConfigurationName = Release;
		};
		ABD070C12976034E00CB6C45 /* Build configuration list for PBXNativeTarget "Assignment 1 - Volume of a sphere + CubeUITests" */ = {
			isa = XCConfigurationList;
			buildConfigurations = (
				ABD070C22976034E00CB6C45 /* Debug */,
				ABD070C32976034E00CB6C45 /* Release */,
			);
			defaultConfigurationIsVisible = 0;
			defaultConfigurationName = Release;
		};
/* End XCConfigurationList section */
	};
	rootObject = ABD0708E2976034D00CB6C45 /* Project object */;
}
